# @generated - this file is auto-generated by `mise lock` https://mise.en.dev/dev-tools/mise-lock.html

[[tools.gcloud]]
version = "564.0.0"
backend = "vfox:mise-plugins/vfox-gcloud"

[tools.gcloud."platforms.linux-arm64"]
url = "https://storage.googleapis.com/cloud-sdk-release/google-cloud-sdk-564.0.0-linux-arm.tar.gz"

[tools.gcloud."platforms.linux-arm64-musl"]
url = "https://storage.googleapis.com/cloud-sdk-release/google-cloud-sdk-564.0.0-linux-arm.tar.gz"

[tools.gcloud."platforms.linux-x64"]
url = "https://storage.googleapis.com/cloud-sdk-release/google-cloud-sdk-564.0.0-linux-x86_64.tar.gz"

[tools.gcloud."platforms.linux-x64-musl"]
url = "https://storage.googleapis.com/cloud-sdk-release/google-cloud-sdk-564.0.0-linux-x86_64.tar.gz"

[tools.gcloud."platforms.macos-arm64"]
url = "https://storage.googleapis.com/cloud-sdk-release/google-cloud-sdk-564.0.0-darwin-arm.tar.gz"

[tools.gcloud."platforms.macos-x64"]
url = "https://storage.googleapis.com/cloud-sdk-release/google-cloud-sdk-564.0.0-darwin-x86_64.tar.gz"

[tools.gcloud."platforms.windows-x64"]
url = "https://storage.googleapis.com/cloud-sdk-release/google-cloud-sdk-564.0.0-windows-x86_64.zip"

[[tools.jq]]
version = "1.7.1"
backend = "aqua:jqlang/jq"

[tools.jq."platforms.linux-arm64"]
checksum = "sha256:4dd2d8a0661df0b22f1bb9a1f9830f06b6f3b8f7d91211a1ef5d7c4f06a8b4a5"
url = "https://github.com/jqlang/jq/releases/download/jq-1.7.1/jq-linux-arm64"

[tools.jq."platforms.linux-arm64-musl"]
checksum = "sha256:4dd2d8a0661df0b22f1bb9a1f9830f06b6f3b8f7d91211a1ef5d7c4f06a8b4a5"
url = "https://github.com/jqlang/jq/releases/download/jq-1.7.1/jq-linux-arm64"

[tools.jq."platforms.linux-x64"]
checksum = "sha256:5942c9b0934e510ee61eb3e30273f1b3fe2590df93933a93d7c58b81d19c8ff5"
url = "https://github.com/jqlang/jq/releases/download/jq-1.7.1/jq-linux-amd64"

[tools.jq."platforms.linux-x64-musl"]
checksum = "sha256:5942c9b0934e510ee61eb3e30273f1b3fe2590df93933a93d7c58b81d19c8ff5"
url = "https://github.com/jqlang/jq/releases/download/jq-1.7.1/jq-linux-amd64"

[tools.jq."platforms.macos-arm64"]
checksum = "sha256:0bbe619e663e0de2c550be2fe0d240d076799d6f8a652b70fa04aea8a8362e8a"
url = "https://github.com/jqlang/jq/releases/download/jq-1.7.1/jq-macos-arm64"

[tools.jq."platforms.macos-x64"]
checksum = "sha256:4155822bbf5ea90f5c79cf254665975eb4274d426d0709770c21774de5407443"
url = "https://github.com/jqlang/jq/releases/download/jq-1.7.1/jq-macos-amd64"

[tools.jq."platforms.windows-x64"]
checksum = "sha256:7451fbbf37feffb9bf262bd97c54f0da558c63f0748e64152dd87b0a07b6d6ab"
url = "https://github.com/jqlang/jq/releases/download/jq-1.7.1/jq-windows-amd64.exe"

[[tools.terraform]]
version = "1.14.8"
backend = "aqua:hashicorp/terraform"

[tools.terraform."platforms.linux-arm64"]
checksum = "sha256:c953171cde6b25ca0448c3b29a90d2f46c0310121e18742ec8f89631768e770c"
url = "https://releases.hashicorp.com/terraform/1.14.8/terraform_1.14.8_linux_arm64.zip"

[tools.terraform."platforms.linux-arm64-musl"]
checksum = "sha256:c953171cde6b25ca0448c3b29a90d2f46c0310121e18742ec8f89631768e770c"
url = "https://releases.hashicorp.com/terraform/1.14.8/terraform_1.14.8_linux_arm64.zip"

[tools.terraform."platforms.linux-x64"]
checksum = "sha256:56a5d12f47cbc1c6bedb8f5426ae7d5df984d1929572c24b56f4c82e9f9bf709"
url = "https://releases.hashicorp.com/terraform/1.14.8/terraform_1.14.8_linux_amd64.zip"

[tools.terraform."platforms.linux-x64-musl"]
checksum = "sha256:56a5d12f47cbc1c6bedb8f5426ae7d5df984d1929572c24b56f4c82e9f9bf709"
url = "https://releases.hashicorp.com/terraform/1.14.8/terraform_1.14.8_linux_amd64.zip"

[tools.terraform."platforms.macos-arm64"]
checksum = "sha256:5593670a2d42323847bfb216db17c73a44df201a62f7587928bae16adeabba23"
url = "https://releases.hashicorp.com/terraform/1.14.8/terraform_1.14.8_darwin_arm64.zip"

[tools.terraform."platforms.macos-x64"]
checksum = "sha256:26dd7593d22e9d99ec09380f0869718f649be7b7f954d888611335e6a84961f8"
url = "https://releases.hashicorp.com/terraform/1.14.8/terraform_1.14.8_darwin_amd64.zip"

[tools.terraform."platforms.windows-x64"]
checksum = "sha256:a237008008019589c600ecb0ae0842c9ea4ca5601f7c54ddbc64d274037b0abb"
url = "https://releases.hashicorp.com/terraform/1.14.8/terraform_1.14.8_windows_amd64.zip"
